
Microsoft Visual Studio Solution File, Format Version 12.00
# Visual Studio Version 17
VisualStudioVersion = 17.7.34031.279
MinimumVisualStudioVersion = 10.0.40219.1
Project("{9A19103F-16F7-4668-BE54-9A1E7A4F7556}") = "FHIRPreferredIdPlugin", "FHIRPreferredIdPlugin\FHIRPreferredIdPlugin.csproj", "{F6A717FE-51E8-45DB-AF40-4D92E2EA4A78}"
EndProject
Project("{FAE04EC0-301F-11D3-BF4B-00C04F79EFBC}") = "Vonk.Plugin.PreferredIdOperation.Tests", "Vonk.Plugin.PreferredIdOperation.Tests\Vonk.Plugin.PreferredIdOperation.Tests.csproj", "{C9971333-CFC5-4E3C-A273-357F221441DC}"
EndProject
Global
	GlobalSection(SolutionConfigurationPlatforms) = preSolution
		Debug|Any CPU = Debug|Any CPU
		Release|Any CPU = Release|Any CPU
	EndGlobalSection
	GlobalSection(ProjectConfigurationPlatforms) = postSolution
		{F6A717FE-51E8-45DB-AF40-4D92E2EA4A78}.Debug|Any CPU.ActiveCfg = Debug|Any CPU
		{F6A717FE-51E8-45DB-AF40-4D92E2EA4A78}.Debug|Any CPU.Build.0 = Debug|Any CPU
		{F6A717FE-51E8-45DB-AF40-4D92E2EA4A78}.Release|Any CPU.ActiveCfg = Release|Any CPU
		{F6A717FE-51E8-45DB-AF40-4D92E2EA4A78}.Release|Any CPU.Build.0 = Release|Any CPU
		{C9971333-CFC5-4E3C-A273-357F221441DC}.Debug|Any CPU.ActiveCfg = Debug|Any CPU
		{C9971333-CFC5-4E3C-A273-357F221441DC}.Debug|Any CPU.Build.0 = Debug|Any CPU
		{C9971333-CFC5-4E3C-A273-357F221441DC}.Release|Any CPU.ActiveCfg = Release|Any CPU
		{C9971333-CFC5-4E3C-A273-357F221441DC}.Release|Any CPU.Build.0 = Release|Any CPU
	EndGlobalSection
	GlobalSection(SolutionProperties) = preSolution
		HideSolutionNode = FALSE
	EndGlobalSection
	GlobalSection(ExtensibilityGlobals) = postSolution
		SolutionGuid = {0E520910-CA46-4FE1-8ACE-F3AF51BCD4A0}
	EndGlobalSection
EndGlobal
